// !$*UTF8*$!
{
	archiveVersion = 1;
	classes = {
	};
	objectVersion = 56;
	objects = {

/* Begin PBXBuildFile section */
		8611CBA02CA3D64900892576 /* ImageModel.swift in Sources */ = {isa = PBXBuildFile; fileRef = 8611CB9F2CA3D64900892576 /* ImageModel.swift */; };
		8611CBA12CA3D64900892576 /* ImageModel.swift in Sources */ = {isa = PBXBuildFile; fileRef = 8611CB9F2CA3D64900892576 /* ImageModel.swift */; };
		8611CBA32CA3D6B800892576 /* ApiManager.swift in Sources */ = {isa = PBXBuildFile; fileRef = 8611CBA22CA3D6B800892576 /* ApiManager.swift */; };
		8611CBA62CA3D6F200892576 /* Constants.swift in Sources */ = {isa = PBXBuildFile; fileRef = 8611CBA52CA3D6F200892576 /* Constants.swift */; };
		8611CBA72CA3D6F200892576 /* Constants.swift in Sources */ = {isa = PBXBuildFile; fileRef = 8611CBA52CA3D6F200892576 /* Constants.swift */; };
		8611CBA92CA3D75C00892576 /* ImageViewModel.swift in Sources */ = {isa = PBXBuildFile; fileRef = 8611CBA82CA3D75C00892576 /* ImageViewModel.swift */; };
		8611CBAA2CA3D75C00892576 /* ImageViewModel.swift in Sources */ = {isa = PBXBuildFile; fileRef = 8611CBA82CA3D75C00892576 /* ImageViewModel.swift */; };
		86982F9C2CA3D33D00283ADE /* FlickrrificApp.swift in Sources */ = {isa = PBXBuildFile; fileRef = 86982F9B2CA3D33D00283ADE /* FlickrrificApp.swift */; };
		86982F9E2CA3D33D00283ADE /* ContentView.swift in Sources */ = {isa = PBXBuildFile; fileRef = 86982F9D2CA3D33D00283ADE /* ContentView.swift */; };
		86982FA02CA3D33E00283ADE /* Assets.xcassets in Resources */ = {isa = PBXBuildFile; fileRef = 86982F9F2CA3D33E00283ADE /* Assets.xcassets */; };
		86982FA32CA3D33E00283ADE /* Preview Assets.xcassets in Resources */ = {isa = PBXBuildFile; fileRef = 86982FA22CA3D33E00283ADE /* Preview Assets.xcassets */; };
		86982FAD2CA3D33E00283ADE /* FlickrrificTests.swift in Sources */ = {isa = PBXBuildFile; fileRef = 86982FAC2CA3D33E00283ADE /* FlickrrificTests.swift */; };
		86982FB72CA3D33E00283ADE /* FlickrrificUITests.swift in Sources */ = {isa = PBXBuildFile; fileRef = 86982FB62CA3D33E00283ADE /* FlickrrificUITests.swift */; };
		86982FB92CA3D33E00283ADE /* FlickrrificUITestsLaunchTests.swift in Sources */ = {isa = PBXBuildFile; fileRef = 86982FB82CA3D33E00283ADE /* FlickrrificUITestsLaunchTests.swift */; };
		86A7C6F92CA462E500DEDFAD /* MockApiManager.swift in Sources */ = {isa = PBXBuildFile; fileRef = 86CB3FEC2CA456FE002C5C2D /* MockApiManager.swift */; };
		86A7C6FA2CA4630800DEDFAD /* ApiManager.swift in Sources */ = {isa = PBXBuildFile; fileRef = 8611CBA22CA3D6B800892576 /* ApiManager.swift */; };
		86A7C6FE2CA4734400DEDFAD /* WebKitView.swift in Sources */ = {isa = PBXBuildFile; fileRef = 86A7C6FD2CA4734400DEDFAD /* WebKitView.swift */; };
		86B299B62CA3FF5700043AE2 /* ImageViewModifier.swift in Sources */ = {isa = PBXBuildFile; fileRef = 86B299B52CA3FF5700043AE2 /* ImageViewModifier.swift */; };
		86B299BA2CA40CDB00043AE2 /* SearchBar.swift in Sources */ = {isa = PBXBuildFile; fileRef = 86B299B92CA40CDB00043AE2 /* SearchBar.swift */; };
		86B299C22CA41A8C00043AE2 /* Title.swift in Sources */ = {isa = PBXBuildFile; fileRef = 86B299C12CA41A8C00043AE2 /* Title.swift */; };
		86B299C42CA41B1300043AE2 /* ImageGrid.swift in Sources */ = {isa = PBXBuildFile; fileRef = 86B299C32CA41B1300043AE2 /* ImageGrid.swift */; };
		86B299C62CA41C3100043AE2 /* ImageDetail.swift in Sources */ = {isa = PBXBuildFile; fileRef = 86B299C52CA41C3100043AE2 /* ImageDetail.swift */; };
		86B299C82CA429EA00043AE2 /* Cache.swift in Sources */ = {isa = PBXBuildFile; fileRef = 86B299C72CA429EA00043AE2 /* Cache.swift */; };
		86B299CA2CA42CFF00043AE2 /* DetailImageViewModifier.swift in Sources */ = {isa = PBXBuildFile; fileRef = 86B299C92CA42CFF00043AE2 /* DetailImageViewModifier.swift */; };
		86B299CC2CA4376200043AE2 /* Helpers.swift in Sources */ = {isa = PBXBuildFile; fileRef = 86B299CB2CA4376200043AE2 /* Helpers.swift */; };
		86B299CE2CA43D2F00043AE2 /* Extensions.swift in Sources */ = {isa = PBXBuildFile; fileRef = 86B299CD2CA43D2F00043AE2 /* Extensions.swift */; };
		86CB3FED2CA456FE002C5C2D /* MockApiManager.swift in Sources */ = {isa = PBXBuildFile; fileRef = 86CB3FEC2CA456FE002C5C2D /* MockApiManager.swift */; };
/* End PBXBuildFile section */

/* Begin PBXContainerItemProxy section */
		86982FA92CA3D33E00283ADE /* PBXContainerItemProxy */ = {
			isa = PBXContainerItemProxy;
			containerPortal = 86982F902CA3D33D00283ADE /* Project object */;
			proxyType = 1;
			remoteGlobalIDString = 86982F972CA3D33D00283ADE;
			remoteInfo = Flickrrific;
		};
		86982FB32CA3D33E00283ADE /* PBXContainerItemProxy */ = {
			isa = PBXContainerItemProxy;
			containerPortal = 86982F902CA3D33D00283ADE /* Project object */;
			proxyType = 1;
			remoteGlobalIDString = 86982F972CA3D33D00283ADE;
			remoteInfo = Flickrrific;
		};
/* End PBXContainerItemProxy section */

/* Begin PBXFileReference section */
		8611CB9F2CA3D64900892576 /* ImageModel.swift */ = {isa = PBXFileReference; lastKnownFileType = sourcecode.swift; path = ImageModel.swift; sourceTree = "<group>"; };
		8611CBA22CA3D6B800892576 /* ApiManager.swift */ = {isa = PBXFileReference; lastKnownFileType = sourcecode.swift; path = ApiManager.swift; sourceTree = "<group>"; };
		8611CBA52CA3D6F200892576 /* Constants.swift */ = {isa = PBXFileReference; lastKnownFileType = sourcecode.swift; path = Constants.swift; sourceTree = "<group>"; };
		8611CBA82CA3D75C00892576 /* ImageViewModel.swift */ = {isa = PBXFileReference; lastKnownFileType = sourcecode.swift; path = ImageViewModel.swift; sourceTree = "<group>"; };
		86982F982CA3D33D00283ADE /* Flickrrific.app */ = {isa = PBXFileReference; explicitFileType = wrapper.application; includeInIndex = 0; path = Flickrrific.app; sourceTree = BUILT_PRODUCTS_DIR; };
		86982F9B2CA3D33D00283ADE /* FlickrrificApp.swift */ = {isa = PBXFileReference; lastKnownFileType = sourcecode.swift; path = FlickrrificApp.swift; sourceTree = "<group>"; };
		86982F9D2CA3D33D00283ADE /* ContentView.swift */ = {isa = PBXFileReference; lastKnownFileType = sourcecode.swift; path = ContentView.swift; sourceTree = "<group>"; };
		86982F9F2CA3D33E00283ADE /* Assets.xcassets */ = {isa = PBXFileReference; lastKnownFileType = folder.assetcatalog; path = Assets.xcassets; sourceTree = "<group>"; };
		86982FA22CA3D33E00283ADE /* Preview Assets.xcassets */ = {isa = PBXFileReference; lastKnownFileType = folder.assetcatalog; path = "Preview Assets.xcassets"; sourceTree = "<group>"; };
		86982FA82CA3D33E00283ADE /* FlickrrificTests.xctest */ = {isa = PBXFileReference; explicitFileType = wrapper.cfbundle; includeInIndex = 0; path = FlickrrificTests.xctest; sourceTree = BUILT_PRODUCTS_DIR; };
		86982FAC2CA3D33E00283ADE /* FlickrrificTests.swift */ = {isa = PBXFileReference; lastKnownFileType = sourcecode.swift; path = FlickrrificTests.swift; sourceTree = "<group>"; };
		86982FB22CA3D33E00283ADE /* FlickrrificUITests.xctest */ = {isa = PBXFileReference; explicitFileType = wrapper.cfbundle; includeInIndex = 0; path = FlickrrificUITests.xctest; sourceTree = BUILT_PRODUCTS_DIR; };
		86982FB62CA3D33E00283ADE /* FlickrrificUITests.swift */ = {isa = PBXFileReference; lastKnownFileType = sourcecode.swift; path = FlickrrificUITests.swift; sourceTree = "<group>"; };
		86982FB82CA3D33E00283ADE /* FlickrrificUITestsLaunchTests.swift */ = {isa = PBXFileReference; lastKnownFileType = sourcecode.swift; path = FlickrrificUITestsLaunchTests.swift; sourceTree = "<group>"; };
		86A7C6FD2CA4734400DEDFAD /* WebKitView.swift */ = {isa = PBXFileReference; lastKnownFileType = sourcecode.swift; path = WebKitView.swift; sourceTree = "<group>"; };
		86B299B52CA3FF5700043AE2 /* ImageViewModifier.swift */ = {isa = PBXFileReference; lastKnownFileType = sourcecode.swift; path = ImageViewModifier.swift; sourceTree = "<group>"; };
		86B299B92CA40CDB00043AE2 /* SearchBar.swift */ = {isa = PBXFileReference; lastKnownFileType = sourcecode.swift; path = SearchBar.swift; sourceTree = "<group>"; };
		86B299C12CA41A8C00043AE2 /* Title.swift */ = {isa = PBXFileReference; lastKnownFileType = sourcecode.swift; path = Title.swift; sourceTree = "<group>"; };
		86B299C32CA41B1300043AE2 /* ImageGrid.swift */ = {isa = PBXFileReference; lastKnownFileType = sourcecode.swift; path = ImageGrid.swift; sourceTree = "<group>"; };
		86B299C52CA41C3100043AE2 /* ImageDetail.swift */ = {isa = PBXFileReference; lastKnownFileType = sourcecode.swift; path = ImageDetail.swift; sourceTree = "<group>"; };
		86B299C72CA429EA00043AE2 /* Cache.swift */ = {isa = PBXFileReference; lastKnownFileType = sourcecode.swift; path = Cache.swift; sourceTree = "<group>"; };
		86B299C92CA42CFF00043AE2 /* DetailImageViewModifier.swift */ = {isa = PBXFileReference; lastKnownFileType = sourcecode.swift; path = DetailImageViewModifier.swift; sourceTree = "<group>"; };
		86B299CB2CA4376200043AE2 /* Helpers.swift */ = {isa = PBXFileReference; lastKnownFileType = sourcecode.swift; path = Helpers.swift; sourceTree = "<group>"; };
		86B299CD2CA43D2F00043AE2 /* Extensions.swift */ = {isa = PBXFileReference; lastKnownFileType = sourcecode.swift; path = Extensions.swift; sourceTree = "<group>"; };
		86CB3FEC2CA456FE002C5C2D /* MockApiManager.swift */ = {isa = PBXFileReference; lastKnownFileType = sourcecode.swift; path = MockApiManager.swift; sourceTree = "<group>"; };
/* End PBXFileReference section */

/* Begin PBXFrameworksBuildPhase section */
		86982F952CA3D33D00283ADE /* Frameworks */ = {
			isa = PBXFrameworksBuildPhase;
			buildActionMask = 2147483647;
			files = (
			);
			runOnlyForDeploymentPostprocessing = 0;
		};
		86982FA52CA3D33E00283ADE /* Frameworks */ = {
			isa = PBXFrameworksBuildPhase;
			buildActionMask = 2147483647;
			files = (
			);
			runOnlyForDeploymentPostprocessing = 0;
		};
		86982FAF2CA3D33E00283ADE /* Frameworks */ = {
			isa = PBXFrameworksBuildPhase;
			buildActionMask = 2147483647;
			files = (
			);
			runOnlyForDeploymentPostprocessing = 0;
		};
/* End PBXFrameworksBuildPhase section */

/* Begin PBXGroup section */
		86982F8F2CA3D33D00283ADE = {
			isa = PBXGroup;
			children = (
				86982F9A2CA3D33D00283ADE /* Flickrrific */,
				86982FAB2CA3D33E00283ADE /* FlickrrificTests */,
				86982FB52CA3D33E00283ADE /* FlickrrificUITests */,
				86982F992CA3D33D00283ADE /* Products */,
			);
			sourceTree = "<group>";
		};
		86982F992CA3D33D00283ADE /* Products */ = {
			isa = PBXGroup;
			children = (
				86982F982CA3D33D00283ADE /* Flickrrific.app */,
				86982FA82CA3D33E00283ADE /* FlickrrificTests.xctest */,
				86982FB22CA3D33E00283ADE /* FlickrrificUITests.xctest */,
			);
			name = Products;
			sourceTree = "<group>";
		};
		86982F9A2CA3D33D00283ADE /* Flickrrific */ = {
			isa = PBXGroup;
			children = (
				86982F9B2CA3D33D00283ADE /* FlickrrificApp.swift */,
				86B299BC2CA40D1300043AE2 /* Views */,
				86B299BD2CA40D3400043AE2 /* ViewModel */,
				86B299C02CA40DB700043AE2 /* API */,
				86B299BE2CA40D4800043AE2 /* Model */,
				86B299BF2CA40D7300043AE2 /* Utility */,
				86982F9F2CA3D33E00283ADE /* Assets.xcassets */,
				86982FA12CA3D33E00283ADE /* Preview Content */,
			);
			path = Flickrrific;
			sourceTree = "<group>";
		};
		86982FA12CA3D33E00283ADE /* Preview Content */ = {
			isa = PBXGroup;
			children = (
				86982FA22CA3D33E00283ADE /* Preview Assets.xcassets */,
			);
			path = "Preview Content";
			sourceTree = "<group>";
		};
		86982FAB2CA3D33E00283ADE /* FlickrrificTests */ = {
			isa = PBXGroup;
			children = (
				86982FAC2CA3D33E00283ADE /* FlickrrificTests.swift */,
			);
			path = FlickrrificTests;
			sourceTree = "<group>";
		};
		86982FB52CA3D33E00283ADE /* FlickrrificUITests */ = {
			isa = PBXGroup;
			children = (
				86982FB62CA3D33E00283ADE /* FlickrrificUITests.swift */,
				86982FB82CA3D33E00283ADE /* FlickrrificUITestsLaunchTests.swift */,
			);
			path = FlickrrificUITests;
			sourceTree = "<group>";
		};
		86B299BC2CA40D1300043AE2 /* Views */ = {
			isa = PBXGroup;
			children = (
				86982F9D2CA3D33D00283ADE /* ContentView.swift */,
				86B299C12CA41A8C00043AE2 /* Title.swift */,
				86B299B92CA40CDB00043AE2 /* SearchBar.swift */,
				86A7C6FD2CA4734400DEDFAD /* WebKitView.swift */,
				86B299C32CA41B1300043AE2 /* ImageGrid.swift */,
				86B299C52CA41C3100043AE2 /* ImageDetail.swift */,
			);
			path = Views;
			sourceTree = "<group>";
		};
		86B299BD2CA40D3400043AE2 /* ViewModel */ = {
			isa = PBXGroup;
			children = (
				8611CBA82CA3D75C00892576 /* ImageViewModel.swift */,
			);
			path = ViewModel;
			sourceTree = "<group>";
		};
		86B299BE2CA40D4800043AE2 /* Model */ = {
			isa = PBXGroup;
			children = (
				8611CB9F2CA3D64900892576 /* ImageModel.swift */,
			);
			path = Model;
			sourceTree = "<group>";
		};
		86B299BF2CA40D7300043AE2 /* Utility */ = {
			isa = PBXGroup;
			children = (
				8611CBA52CA3D6F200892576 /* Constants.swift */,
				86B299CD2CA43D2F00043AE2 /* Extensions.swift */,
				86B299C72CA429EA00043AE2 /* Cache.swift */,
				86B299CB2CA4376200043AE2 /* Helpers.swift */,
				86B299B52CA3FF5700043AE2 /* ImageViewModifier.swift */,
				86B299C92CA42CFF00043AE2 /* DetailImageViewModifier.swift */,
			);
			path = Utility;
			sourceTree = "<group>";
		};
		86B299C02CA40DB700043AE2 /* API */ = {
			isa = PBXGroup;
			children = (
				8611CBA22CA3D6B800892576 /* ApiManager.swift */,
				86CB3FEC2CA456FE002C5C2D /* MockApiManager.swift */,
			);
			path = API;
			sourceTree = "<group>";
		};
/* End PBXGroup section */

/* Begin PBXNativeTarget section */
		86982F972CA3D33D00283ADE /* Flickrrific */ = {
			isa = PBXNativeTarget;
			buildConfigurationList = 86982FBC2CA3D33E00283ADE /* Build configuration list for PBXNativeTarget "Flickrrific" */;
			buildPhases = (
				86982F942CA3D33D00283ADE /* Sources */,
				86982F952CA3D33D00283ADE /* Frameworks */,
				86982F962CA3D33D00283ADE /* Resources */,
			);
			buildRules = (
			);
			dependencies = (
			);
			name = Flickrrific;
			productName = Flickrrific;
			productReference = 86982F982CA3D33D00283ADE /* Flickrrific.app */;
			productType = "com.apple.product-type.application";
		};
		86982FA72CA3D33E00283ADE /* FlickrrificTests */ = {
			isa = PBXNativeTarget;
			buildConfigurationList = 86982FBF2CA3D33E00283ADE /* Build configuration list for PBXNativeTarget "FlickrrificTests" */;
			buildPhases = (
				86982FA42CA3D33E00283ADE /* Sources */,
				86982FA52CA3D33E00283ADE /* Frameworks */,
				86982FA62CA3D33E00283ADE /* Resources */,
			);
			buildRules = (
			);
			dependencies = (
				86982FAA2CA3D33E00283ADE /* PBXTargetDependency */,
			);
			name = FlickrrificTests;
			productName = FlickrrificTests;
			productReference = 86982FA82CA3D33E00283ADE /* FlickrrificTests.xctest */;
			productType = "com.apple.product-type.bundle.unit-test";
		};
		86982FB12CA3D33E00283ADE /* FlickrrificUITests */ = {
			isa = PBXNativeTarget;
			buildConfigurationList = 86982FC22CA3D33E00283ADE /* Build configuration list for PBXNativeTarget "FlickrrificUITests" */;
			buildPhases = (
				86982FAE2CA3D33E00283ADE /* Sources */,
				86982FAF2CA3D33E00283ADE /* Frameworks */,
				86982FB02CA3D33E00283ADE /* Resources */,
			);
			buildRules = (
			);
			dependencies = (
				86982FB42CA3D33E00283ADE /* PBXTargetDependency */,
			);
			name = FlickrrificUITests;
			productName = FlickrrificUITests;
			productReference = 86982FB22CA3D33E00283ADE /* FlickrrificUITests.xctest */;
			productType = "com.apple.product-type.bundle.ui-testing";
		};
/* End PBXNativeTarget section */

/* Begin PBXProject section */
		86982F902CA3D33D00283ADE /* Project object */ = {
			isa = PBXProject;
			attributes = {
				BuildIndependentTargetsInParallel = 1;
				LastSwiftUpdateCheck = 1540;
				LastUpgradeCheck = 1600;
				TargetAttributes = {
					86982F972CA3D33D00283ADE = {
						CreatedOnToolsVersion = 15.4;
					};
					86982FA72CA3D33E00283ADE = {
						CreatedOnToolsVersion = 15.4;
						TestTargetID = 86982F972CA3D33D00283ADE;
					};
					86982FB12CA3D33E00283ADE = {
						CreatedOnToolsVersion = 15.4;
						TestTargetID = 86982F972CA3D33D00283ADE;
					};
				};
			};
			buildConfigurationList = 86982F932CA3D33D00283ADE /* Build configuration list for PBXProject "Flickrrific" */;
			compatibilityVersion = "Xcode 14.0";
			developmentRegion = en;
			hasScannedForEncodings = 0;
			knownRegions = (
				en,
				Base,
			);
			mainGroup = 86982F8F2CA3D33D00283ADE;
			productRefGroup = 86982F992CA3D33D00283ADE /* Products */;
			projectDirPath = "";
			projectRoot = "";
			targets = (
				86982F972CA3D33D00283ADE /* Flickrrific */,
				86982FA72CA3D33E00283ADE /* FlickrrificTests */,
				86982FB12CA3D33E00283ADE /* FlickrrificUITests */,
			);
		};
/* End PBXProject section */

/* Begin PBXResourcesBuildPhase section */
		86982F962CA3D33D00283ADE /* Resources */ = {
			isa = PBXResourcesBuildPhase;
			buildActionMask = 2147483647;
			files = (
				86982FA32CA3D33E00283ADE /* Preview Assets.xcassets in Resources */,
				86982FA02CA3D33E00283ADE /* Assets.xcassets in Resources */,
			);
			runOnlyForDeploymentPostprocessing = 0;
		};
		86982FA62CA3D33E00283ADE /* Resources */ = {
			isa = PBXResourcesBuildPhase;
			buildActionMask = 2147483647;
			files = (
			);
			runOnlyForDeploymentPostprocessing = 0;
		};
		86982FB02CA3D33E00283ADE /* Resources */ = {
			isa = PBXResourcesBuildPhase;
			buildActionMask = 2147483647;
			files = (
			);
			runOnlyForDeploymentPostprocessing = 0;
		};
/* End PBXResourcesBuildPhase section */

/* Begin PBXSourcesBuildPhase section */
		86982F942CA3D33D00283ADE /* Sources */ = {
			isa = PBXSourcesBuildPhase;
			buildActionMask = 2147483647;
			files = (
				86B299C22CA41A8C00043AE2 /* Title.swift in Sources */,
				86B299CC2CA4376200043AE2 /* Helpers.swift in Sources */,
				8611CBA92CA3D75C00892576 /* ImageViewModel.swift in Sources */,
				8611CBA62CA3D6F200892576 /* Constants.swift in Sources */,
				8611CBA32CA3D6B800892576 /* ApiManager.swift in Sources */,
				86B299C62CA41C3100043AE2 /* ImageDetail.swift in Sources */,
				86982F9E2CA3D33D00283ADE /* ContentView.swift in Sources */,
				86B299BA2CA40CDB00043AE2 /* SearchBar.swift in Sources */,
				86B299CA2CA42CFF00043AE2 /* DetailImageViewModifier.swift in Sources */,
				8611CBA02CA3D64900892576 /* ImageModel.swift in Sources */,
				86B299CE2CA43D2F00043AE2 /* Extensions.swift in Sources */,
				86B299C42CA41B1300043AE2 /* ImageGrid.swift in Sources */,
				86982F9C2CA3D33D00283ADE /* FlickrrificApp.swift in Sources */,
				86B299C82CA429EA00043AE2 /* Cache.swift in Sources */,
				86A7C6FE2CA4734400DEDFAD /* WebKitView.swift in Sources */,
				86CB3FED2CA456FE002C5C2D /* MockApiManager.swift in Sources */,
				86B299B62CA3FF5700043AE2 /* ImageViewModifier.swift in Sources */,
			);
			runOnlyForDeploymentPostprocessing = 0;
		};
		86982FA42CA3D33E00283ADE /* Sources */ = {
			isa = PBXSourcesBuildPhase;
			buildActionMask = 2147483647;
			files = (
				86A7C6F92CA462E500DEDFAD /* MockApiManager.swift in Sources */,
				86982FAD2CA3D33E00283ADE /* FlickrrificTests.swift in Sources */,
				8611CBAA2CA3D75C00892576 /* ImageViewModel.swift in Sources */,
				8611CBA12CA3D64900892576 /* ImageModel.swift in Sources */,
				86A7C6FA2CA4630800DEDFAD /* ApiManager.swift in Sources */,
				8611CBA72CA3D6F200892576 /* Constants.swift in Sources */,
			);
			runOnlyForDeploymentPostprocessing = 0;
		};
		86982FAE2CA3D33E00283ADE /* Sources */ = {
			isa = PBXSourcesBuildPhase;
			buildActionMask = 2147483647;
			files = (
				86982FB72CA3D33E00283ADE /* FlickrrificUITests.swift in Sources */,
				86982FB92CA3D33E00283ADE /* FlickrrificUITestsLaunchTests.swift in Sources */,
			);
			runOnlyForDeploymentPostprocessing = 0;
		};
/* End PBXSourcesBuildPhase section */

/* Begin PBXTargetDependency section */
		86982FAA2CA3D33E00283ADE /* PBXTargetDependency */ = {
			isa = PBXTargetDependency;
			target = 86982F972CA3D33D00283ADE /* Flickrrific */;
			targetProxy = 86982FA92CA3D33E00283ADE /* PBXContainerItemProxy */;
		};
		86982FB42CA3D33E00283ADE /* PBXTargetDependency */ = {
			isa = PBXTargetDependency;
			target = 86982F972CA3D33D00283ADE /* Flickrrific */;
			targetProxy = 86982FB32CA3D33E00283ADE /* PBXContainerItemProxy */;
		};
/* End PBXTargetDependency section */

/* Begin XCBuildConfiguration section */
		86982FBA2CA3D33E00283ADE /* Debug */ = {
			isa = XCBuildConfiguration;
			buildSettings = {
				ALWAYS_SEARCH_USER_PATHS = NO;
				ASSETCATALOG_COMPILER_GENERATE_SWIFT_ASSET_SYMBOL_EXTENSIONS = YES;
				CLANG_ANALYZER_NONNULL = YES;
				CLANG_ANALYZER_NUMBER_OBJECT_CONVERSION = YES_AGGRESSIVE;
				CLANG_CXX_LANGUAGE_STANDARD = "gnu++20";
				CLANG_ENABLE_MODULES = YES;
				CLANG_ENABLE_OBJC_ARC = YES;
				CLANG_ENABLE_OBJC_WEAK = YES;
				CLANG_WARN_BLOCK_CAPTURE_AUTORELEASING = YES;
				CLANG_WARN_BOOL_CONVERSION = YES;
				CLANG_WARN_COMMA = YES;
				CLANG_WARN_CONSTANT_CONVERSION = YES;
				CLANG_WARN_DEPRECATED_OBJC_IMPLEMENTATIONS = YES;
				CLANG_WARN_DIRECT_OBJC_ISA_USAGE = YES_ERROR;
				CLANG_WARN_DOCUMENTATION_COMMENTS = YES;
				CLANG_WARN_EMPTY_BODY = YES;
				CLANG_WARN_ENUM_CONVERSION = YES;
				CLANG_WARN_INFINITE_RECURSION = YES;
				CLANG_WARN_INT_CONVERSION = YES;
				CLANG_WARN_NON_LITERAL_NULL_CONVERSION = YES;
				CLANG_WARN_OBJC_IMPLICIT_RETAIN_SELF = YES;
				CLANG_WARN_OBJC_LITERAL_CONVERSION = YES;
				CLANG_WARN_OBJC_ROOT_CLASS = YES_ERROR;
				CLANG_WARN_QUOTED_INCLUDE_IN_FRAMEWORK_HEADER = YES;
				CLANG_WARN_RANGE_LOOP_ANALYSIS = YES;
				CLANG_WARN_STRICT_PROTOTYPES = YES;
				CLANG_WARN_SUSPICIOUS_MOVE = YES;
				CLANG_WARN_UNGUARDED_AVAILABILITY = YES_AGGRESSIVE;
				CLANG_WARN_UNREACHABLE_CODE = YES;
				CLANG_WARN__DUPLICATE_METHOD_MATCH = YES;
				COPY_PHASE_STRIP = NO;
				DEBUG_INFORMATION_FORMAT = dwarf;
				ENABLE_STRICT_OBJC_MSGSEND = YES;
				ENABLE_TESTABILITY = YES;
				ENABLE_USER_SCRIPT_SANDBOXING = YES;
				GCC_C_LANGUAGE_STANDARD = gnu17;
				GCC_DYNAMIC_NO_PIC = NO;
				GCC_NO_COMMON_BLOCKS = YES;
				GCC_OPTIMIZATION_LEVEL = 0;
				GCC_PREPROCESSOR_DEFINITIONS = (
					"DEBUG=1",
					"$(inherited)",
				);
				GCC_WARN_64_TO_32_BIT_CONVERSION = YES;
				GCC_WARN_ABOUT_RETURN_TYPE = YES_ERROR;
				GCC_WARN_UNDECLARED_SELECTOR = YES;
				GCC_WARN_UNINITIALIZED_AUTOS = YES_AGGRESSIVE;
				GCC_WARN_UNUSED_FUNCTION = YES;
				GCC_WARN_UNUSED_VARIABLE = YES;
				IPHONEOS_DEPLOYMENT_TARGET = 17.5;
				LOCALIZATION_PREFERS_STRING_CATALOGS = YES;
				MTL_ENABLE_DEBUG_INFO = INCLUDE_SOURCE;
				MTL_FAST_MATH = YES;
				ONLY_ACTIVE_ARCH = YES;
				SDKROOT = iphoneos;
				SWIFT_ACTIVE_COMPILATION_CONDITIONS = "DEBUG $(inherited)";
				SWIFT_OPTIMIZATION_LEVEL = "-Onone";
			};
			name = Debug;
		};
		86982FBB2CA3D33E00283ADE /* Release */ = {
			isa = XCBuildConfiguration;
			buildSettings = {
				ALWAYS_SEARCH_USER_PATHS = NO;
				ASSETCATALOG_COMPILER_GENERATE_SWIFT_ASSET_SYMBOL_EXTENSIONS = YES;
				CLANG_ANALYZER_NONNULL = YES;
				CLANG_ANALYZER_NUMBER_OBJECT_CONVERSION = YES_AGGRESSIVE;
				CLANG_CXX_LANGUAGE_STANDARD = "gnu++20";
				CLANG_ENABLE_MODULES = YES;
				CLANG_ENABLE_OBJC_ARC = YES;
				CLANG_ENABLE_OBJC_WEAK = YES;
				CLANG_WARN_BLOCK_CAPTURE_AUTORELEASING = YES;
				CLANG_WARN_BOOL_CONVERSION = YES;
				CLANG_WARN_COMMA = YES;
				CLANG_WARN_CONSTANT_CONVERSION = YES;
				CLANG_WARN_DEPRECATED_OBJC_IMPLEMENTATIONS = YES;
				CLANG_WARN_DIRECT_OBJC_ISA_USAGE = YES_ERROR;
				CLANG_WARN_DOCUMENTATION_COMMENTS = YES;
				CLANG_WARN_EMPTY_BODY = YES;
				CLANG_WARN_ENUM_CONVERSION = YES;
				CLANG_WARN_INFINITE_RECURSION = YES;
				CLANG_WARN_INT_CONVERSION = YES;
				CLANG_WARN_NON_LITERAL_NULL_CONVERSION = YES;
				CLANG_WARN_OBJC_IMPLICIT_RETAIN_SELF = YES;
				CLANG_WARN_OBJC_LITERAL_CONVERSION = YES;
				CLANG_WARN_OBJC_ROOT_CLASS = YES_ERROR;
				CLANG_WARN_QUOTED_INCLUDE_IN_FRAMEWORK_HEADER = YES;
				CLANG_WARN_RANGE_LOOP_ANALYSIS = YES;
				CLANG_WARN_STRICT_PROTOTYPES = YES;
				CLANG_WARN_SUSPICIOUS_MOVE = YES;
				CLANG_WARN_UNGUARDED_AVAILABILITY = YES_AGGRESSIVE;
				CLANG_WARN_UNREACHABLE_CODE = YES;
				CLANG_WARN__DUPLICATE_METHOD_MATCH = YES;
				COPY_PHASE_STRIP = NO;
				DEBUG_INFORMATION_FORMAT = "dwarf-with-dsym";
				ENABLE_NS_ASSERTIONS = NO;
				ENABLE_STRICT_OBJC_MSGSEND = YES;
				ENABLE_USER_SCRIPT_SANDBOXING = YES;
				GCC_C_LANGUAGE_STANDARD = gnu17;
				GCC_NO_COMMON_BLOCKS = YES;
				GCC_WARN_64_TO_32_BIT_CONVERSION = YES;
				GCC_WARN_ABOUT_RETURN_TYPE = YES_ERROR;
				GCC_WARN_UNDECLARED_SELECTOR = YES;
				GCC_WARN_UNINITIALIZED_AUTOS = YES_AGGRESSIVE;
				GCC_WARN_UNUSED_FUNCTION = YES;
				GCC_WARN_UNUSED_VARIABLE = YES;
				IPHONEOS_DEPLOYMENT_TARGET = 17.5;
				LOCALIZATION_PREFERS_STRING_CATALOGS = YES;
				MTL_ENABLE_DEBUG_INFO = NO;
				MTL_FAST_MATH = YES;
				SDKROOT = iphoneos;
				SWIFT_COMPILATION_MODE = wholemodule;
				VALIDATE_PRODUCT = YES;
			};
			name = Release;
		};
		86982FBD2CA3D33E00283ADE /* Debug */ = {
			isa = XCBuildConfiguration;
			buildSettings = {
				ASSETCATALOG_COMPILER_APPICON_NAME = AppIcon;
				ASSETCATALOG_COMPILER_GLOBAL_ACCENT_COLOR_NAME = AccentColor;
				CODE_SIGN_STYLE = Automatic;
				CURRENT_PROJECT_VERSION = 1;
				DEVELOPMENT_ASSET_PATHS = "\"Flickrrific/Preview Content\"";
				DEVELOPMENT_TEAM = Z89JGNW2AU;
				ENABLE_PREVIEWS = YES;
				GENERATE_INFOPLIST_FILE = YES;
				INFOPLIST_KEY_UIApplicationSceneManifest_Generation = YES;
				INFOPLIST_KEY_UIApplicationSupportsIndirectInputEvents = YES;
				INFOPLIST_KEY_UILaunchScreen_Generation = YES;
				INFOPLIST_KEY_UISupportedInterfaceOrientations_iPad = "UIInterfaceOrientationPortrait UIInterfaceOrientationPortraitUpsideDown UIInterfaceOrientationLandscapeLeft UIInterfaceOrientationLandscapeRight";
				INFOPLIST_KEY_UISupportedInterfaceOrientations_iPhone = "UIInterfaceOrientationPortrait UIInterfaceOrientationLandscapeLeft UIInterfaceOrientationLandscapeRight";
				LD_RUNPATH_SEARCH_PATHS = (
					"$(inherited)",
					"@executable_path/Frameworks",
				);
				MARKETING_VERSION = 1.0;
				PRODUCT_BUNDLE_IDENTIFIER = com.colewarner.Flickrrific;
				PRODUCT_NAME = "$(TARGET_NAME)";
				SWIFT_EMIT_LOC_STRINGS = YES;
				SWIFT_VERSION = 5.0;
				TARGETED_DEVICE_FAMILY = "1,2";
			};
			name = Debug;
		};
		86982FBE2CA3D33E00283ADE /* Release */ = {
			isa = XCBuildConfiguration;
			buildSettings = {
				ASSETCATALOG_COMPILER_APPICON_NAME = AppIcon;
				ASSETCATALOG_COMPILER_GLOBAL_ACCENT_COLOR_NAME = AccentColor;
				CODE_SIGN_STYLE = Automatic;
				CURRENT_PROJECT_VERSION = 1;
				DEVELOPMENT_ASSET_PATHS = "\"Flickrrific/Preview Content\"";
				DEVELOPMENT_TEAM = Z89JGNW2AU;
				ENABLE_PREVIEWS = YES;
				GENERATE_INFOPLIST_FILE = YES;
				INFOPLIST_KEY_UIApplicationSceneManifest_Generation = YES;
				INFOPLIST_KEY_UIApplicationSupportsIndirectInputEvents = YES;
				INFOPLIST_KEY_UILaunchScreen_Generation = YES;
				INFOPLIST_KEY_UISupportedInterfaceOrientations_iPad = "UIInterfaceOrientationPortrait UIInterfaceOrientationPortraitUpsideDown UIInterfaceOrientationLandscapeLeft UIInterfaceOrientationLandscapeRight";
				INFOPLIST_KEY_UISupportedInterfaceOrientations_iPhone = "UIInterfaceOrientationPortrait UIInterfaceOrientationLandscapeLeft UIInterfaceOrientationLandscapeRight";
				LD_RUNPATH_SEARCH_PATHS = (
					"$(inherited)",
					"@executable_path/Frameworks",
				);
				MARKETING_VERSION = 1.0;
				PRODUCT_BUNDLE_IDENTIFIER = com.colewarner.Flickrrific;
				PRODUCT_NAME = "$(TARGET_NAME)";
				SWIFT_EMIT_LOC_STRINGS = YES;
				SWIFT_VERSION = 5.0;
				TARGETED_DEVICE_FAMILY = "1,2";
			};
			name = Release;
		};
		86982FC02CA3D33E00283ADE /* Debug */ = {
			isa = XCBuildConfiguration;
			buildSettings = {
				BUNDLE_LOADER = "$(TEST_HOST)";
				CODE_SIGN_STYLE = Automatic;
				CURRENT_PROJECT_VERSION = 1;
				DEVELOPMENT_TEAM = Z89JGNW2AU;
				GENERATE_INFOPLIST_FILE = YES;
				IPHONEOS_DEPLOYMENT_TARGET = 17.5;
				MARKETING_VERSION = 1.0;
				PRODUCT_BUNDLE_IDENTIFIER = com.colewarner.FlickrrificTests;
				PRODUCT_NAME = "$(TARGET_NAME)";
				SWIFT_EMIT_LOC_STRINGS = NO;
				SWIFT_VERSION = 5.0;
				TARGETED_DEVICE_FAMILY = "1,2";
				TEST_HOST = "$(BUILT_PRODUCTS_DIR)/Flickrrific.app/$(BUNDLE_EXECUTABLE_FOLDER_PATH)/Flickrrific";
			};
			name = Debug;
		};
		86982FC12CA3D33E00283ADE /* Release */ = {
			isa = XCBuildConfiguration;
			buildSettings = {
				BUNDLE_LOADER = "$(TEST_HOST)";
				CODE_SIGN_STYLE = Automatic;
				CURRENT_PROJECT_VERSION = 1;
				DEVELOPMENT_TEAM = Z89JGNW2AU;
				GENERATE_INFOPLIST_FILE = YES;
				IPHONEOS_DEPLOYMENT_TARGET = 17.5;
				MARKETING_VERSION = 1.0;
				PRODUCT_BUNDLE_IDENTIFIER = com.colewarner.FlickrrificTests;
				PRODUCT_NAME = "$(TARGET_NAME)";
				SWIFT_EMIT_LOC_STRINGS = NO;
				SWIFT_VERSION = 5.0;
				TARGETED_DEVICE_FAMILY = "1,2";
				TEST_HOST = "$(BUILT_PRODUCTS_DIR)/Flickrrific.app/$(BUNDLE_EXECUTABLE_FOLDER_PATH)/Flickrrific";
			};
			name = Release;
		};
		86982FC32CA3D33E00283ADE /* Debug */ = {
			isa = XCBuildConfiguration;
			buildSettings = {
				CODE_SIGN_STYLE = Automatic;
				CURRENT_PROJECT_VERSION = 1;
				DEVELOPMENT_TEAM = Z89JGNW2AU;
				GENERATE_INFOPLIST_FILE = YES;
				MARKETING_VERSION = 1.0;
				PRODUCT_BUNDLE_IDENTIFIER = com.colewarner.FlickrrificUITests;
				PRODUCT_NAME = "$(TARGET_NAME)";
				SWIFT_EMIT_LOC_STRINGS = NO;
				SWIFT_VERSION = 5.0;
				TARGETED_DEVICE_FAMILY = "1,2";
				TEST_TARGET_NAME = Flickrrific;
			};
			name = Debug;
		};
		86982FC42CA3D33E00283ADE /* Release */ = {
			isa = XCBuildConfiguration;
			buildSettings = {
				CODE_SIGN_STYLE = Automatic;
				CURRENT_PROJECT_VERSION = 1;
				DEVELOPMENT_TEAM = Z89JGNW2AU;
				GENERATE_INFOPLIST_FILE = YES;
				MARKETING_VERSION = 1.0;
				PRODUCT_BUNDLE_IDENTIFIER = com.colewarner.FlickrrificUITests;
				PRODUCT_NAME = "$(TARGET_NAME)";
				SWIFT_EMIT_LOC_STRINGS = NO;
				SWIFT_VERSION = 5.0;
				TARGETED_DEVICE_FAMILY = "1,2";
				TEST_TARGET_NAME = Flickrrific;
			};
			name = Release;
		};
/* End XCBuildConfiguration section */

/* Begin XCConfigurationList section */
		86982F932CA3D33D00283ADE /* Build configuration list for PBXProject "Flickrrific" */ = {
			isa = XCConfigurationList;
			buildConfigurations = (
				86982FBA2CA3D33E00283ADE /* Debug */,
				86982FBB2CA3D33E00283ADE /* Release */,
			);
			defaultConfigurationIsVisible = 0;
			defaultConfigurationName = Release;
		};
		86982FBC2CA3D33E00283ADE /* Build configuration list for PBXNativeTarget "Flickrrific" */ = {
			isa = XCConfigurationList;
			buildConfigurations = (
				86982FBD2CA3D33E00283ADE /* Debug */,
				86982FBE2CA3D33E00283ADE /* Release */,
			);
			defaultConfigurationIsVisible = 0;
			defaultConfigurationName = Release;
		};
		86982FBF2CA3D33E00283ADE /* Build configuration list for PBXNativeTarget "FlickrrificTests" */ = {
			isa = XCConfigurationList;
			buildConfigurations = (
				86982FC02CA3D33E00283ADE /* Debug */,
				86982FC12CA3D33E00283ADE /* Release */,
			);
			defaultConfigurationIsVisible = 0;
			defaultConfigurationName = Release;
		};
		86982FC22CA3D33E00283ADE /* Build configuration list for PBXNativeTarget "FlickrrificUITests" */ = {
			isa = XCConfigurationList;
			buildConfigurations = (
				86982FC32CA3D33E00283ADE /* Debug */,
				86982FC42CA3D33E00283ADE /* Release */,
			);
			defaultConfigurationIsVisible = 0;
			defaultConfigurationName = Release;
		};
/* End XCConfigurationList section */
	};
	rootObject = 86982F902CA3D33D00283ADE /* Project object */;
}
